// !$*UTF8*$!
{
	archiveVersion = 1;
	classes = {
	};
	objectVersion = 46;
	objects = {

/* Begin PBXBuildFile section */
		E16D57501A1469100012031B /* JYPullToRefreshController.m in Sources */ = {isa = PBXBuildFile; fileRef = E16D574F1A1469100012031B /* JYPullToRefreshController.m */; };
		E1B044391952BEB00038569E /* JYRefreshIndicator.m in Sources */ = {isa = PBXBuildFile; fileRef = E1B044351952BEB00038569E /* JYRefreshIndicator.m */; };
		E1B0443A1952BEB00038569E /* JYRefreshView.m in Sources */ = {isa = PBXBuildFile; fileRef = E1B044371952BEB00038569E /* JYRefreshView.m */; };
		E1D3B1AF1A1993E4007D1B9B /* JYPullToLoadMoreController.m in Sources */ = {isa = PBXBuildFile; fileRef = E1D3B1AE1A1993E4007D1B9B /* JYPullToLoadMoreController.m */; };
		E1FB5834194E8C550061511C /* Foundation.framework in Frameworks */ = {isa = PBXBuildFile; fileRef = E1FB5833194E8C550061511C /* Foundation.framework */; };
		E1FB5836194E8C550061511C /* CoreGraphics.framework in Frameworks */ = {isa = PBXBuildFile; fileRef = E1FB5835194E8C550061511C /* CoreGraphics.framework */; };
		E1FB5838194E8C550061511C /* UIKit.framework in Frameworks */ = {isa = PBXBuildFile; fileRef = E1FB5837194E8C550061511C /* UIKit.framework */; };
		E1FB583E194E8C550061511C /* InfoPlist.strings in Resources */ = {isa = PBXBuildFile; fileRef = E1FB583C194E8C550061511C /* InfoPlist.strings */; };
		E1FB5840194E8C550061511C /* main.m in Sources */ = {isa = PBXBuildFile; fileRef = E1FB583F194E8C550061511C /* main.m */; };
		E1FB5844194E8C550061511C /* AppDelegate.m in Sources */ = {isa = PBXBuildFile; fileRef = E1FB5843194E8C550061511C /* AppDelegate.m */; };
		E1FB5846194E8C550061511C /* Images.xcassets in Resources */ = {isa = PBXBuildFile; fileRef = E1FB5845194E8C550061511C /* Images.xcassets */; };
		E1FB584D194E8C550061511C /* XCTest.framework in Frameworks */ = {isa = PBXBuildFile; fileRef = E1FB584C194E8C550061511C /* XCTest.framework */; };
		E1FB584E194E8C550061511C /* Foundation.framework in Frameworks */ = {isa = PBXBuildFile; fileRef = E1FB5833194E8C550061511C /* Foundation.framework */; };
		E1FB584F194E8C550061511C /* UIKit.framework in Frameworks */ = {isa = PBXBuildFile; fileRef = E1FB5837194E8C550061511C /* UIKit.framework */; };
		E1FB5857194E8C550061511C /* InfoPlist.strings in Resources */ = {isa = PBXBuildFile; fileRef = E1FB5855194E8C550061511C /* InfoPlist.strings */; };
		E1FB5859194E8C550061511C /* JYRefreshControllerTests.m in Sources */ = {isa = PBXBuildFile; fileRef = E1FB5858194E8C550061511C /* JYRefreshControllerTests.m */; };
		E1FB5864194E8C6C0061511C /* DemoViewController.m in Sources */ = {isa = PBXBuildFile; fileRef = E1FB5863194E8C6C0061511C /* DemoViewController.m */; };
/* End PBXBuildFile section */

/* Begin PBXContainerItemProxy section */
		E1FB5850194E8C550061511C /* PBXContainerItemProxy */ = {
			isa = PBXContainerItemProxy;
			containerPortal = E1FB5828194E8C550061511C /* Project object */;
			proxyType = 1;
			remoteGlobalIDString = E1FB582F194E8C550061511C;
			remoteInfo = JYRefreshController;
		};
/* End PBXContainerItemProxy section */

/* Begin PBXFileReference section */
		E16D574E1A1469100012031B /* JYPullToRefreshController.h */ = {isa = PBXFileReference; fileEncoding = 4; lastKnownFileType = sourcecode.c.h; path = JYPullToRefreshController.h; sourceTree = "<group>"; };
		E16D574F1A1469100012031B /* JYPullToRefreshController.m */ = {isa = PBXFileReference; fileEncoding = 4; lastKnownFileType = sourcecode.c.objc; lineEnding = 0; path = JYPullToRefreshController.m; sourceTree = "<group>"; xcLanguageSpecificationIdentifier = xcode.lang.objc; };
		E1B044341952BEB00038569E /* JYRefreshIndicator.h */ = {isa = PBXFileReference; fileEncoding = 4; lastKnownFileType = sourcecode.c.h; path = JYRefreshIndicator.h; sourceTree = "<group>"; };
		E1B044351952BEB00038569E /* JYRefreshIndicator.m */ = {isa = PBXFileReference; fileEncoding = 4; lastKnownFileType = sourcecode.c.objc; path = JYRefreshIndicator.m; sourceTree = "<group>"; };
		E1B044361952BEB00038569E /* JYRefreshView.h */ = {isa = PBXFileReference; fileEncoding = 4; lastKnownFileType = sourcecode.c.h; path = JYRefreshView.h; sourceTree = "<group>"; };
		E1B044371952BEB00038569E /* JYRefreshView.m */ = {isa = PBXFileReference; fileEncoding = 4; lastKnownFileType = sourcecode.c.objc; lineEnding = 0; path = JYRefreshView.m; sourceTree = "<group>"; xcLanguageSpecificationIdentifier = xcode.lang.objc; };
		E1D3B1AD1A1993E4007D1B9B /* JYPullToLoadMoreController.h */ = {isa = PBXFileReference; fileEncoding = 4; lastKnownFileType = sourcecode.c.h; path = JYPullToLoadMoreController.h; sourceTree = "<group>"; };
		E1D3B1AE1A1993E4007D1B9B /* JYPullToLoadMoreController.m */ = {isa = PBXFileReference; fileEncoding = 4; lastKnownFileType = sourcecode.c.objc; lineEnding = 0; path = JYPullToLoadMoreController.m; sourceTree = "<group>"; xcLanguageSpecificationIdentifier = xcode.lang.objc; };
		E1D3B1B01A19DA53007D1B9B /* JYRefreshController.h */ = {isa = PBXFileReference; fileEncoding = 4; lastKnownFileType = sourcecode.c.h; path = JYRefreshController.h; sourceTree = "<group>"; };
		E1FB5830194E8C550061511C /* JYRefreshController.app */ = {isa = PBXFileReference; explicitFileType = wrapper.application; includeInIndex = 0; path = JYRefreshController.app; sourceTree = BUILT_PRODUCTS_DIR; };
		E1FB5833194E8C550061511C /* Foundation.framework */ = {isa = PBXFileReference; lastKnownFileType = wrapper.framework; name = Foundation.framework; path = System/Library/Frameworks/Foundation.framework; sourceTree = SDKROOT; };
		E1FB5835194E8C550061511C /* CoreGraphics.framework */ = {isa = PBXFileReference; lastKnownFileType = wrapper.framework; name = CoreGraphics.framework; path = System/Library/Frameworks/CoreGraphics.framework; sourceTree = SDKROOT; };
		E1FB5837194E8C550061511C /* UIKit.framework */ = {isa = PBXFileReference; lastKnownFileType = wrapper.framework; name = UIKit.framework; path = System/Library/Frameworks/UIKit.framework; sourceTree = SDKROOT; };
		E1FB583B194E8C550061511C /* JYRefreshController-Info.plist */ = {isa = PBXFileReference; lastKnownFileType = text.plist.xml; path = "JYRefreshController-Info.plist"; sourceTree = "<group>"; };
		E1FB583D194E8C550061511C /* en */ = {isa = PBXFileReference; lastKnownFileType = text.plist.strings; name = en; path = en.lproj/InfoPlist.strings; sourceTree = "<group>"; };
		E1FB583F194E8C550061511C /* main.m */ = {isa = PBXFileReference; lastKnownFileType = sourcecode.c.objc; path = main.m; sourceTree = "<group>"; };
		E1FB5841194E8C550061511C /* JYRefreshController-Prefix.pch */ = {isa = PBXFileReference; lastKnownFileType = sourcecode.c.h; path = "JYRefreshController-Prefix.pch"; sourceTree = "<group>"; };
		E1FB5842194E8C550061511C /* AppDelegate.h */ = {isa = PBXFileReference; lastKnownFileType = sourcecode.c.h; path = AppDelegate.h; sourceTree = "<group>"; };
		E1FB5843194E8C550061511C /* AppDelegate.m */ = {isa = PBXFileReference; lastKnownFileType = sourcecode.c.objc; path = AppDelegate.m; sourceTree = "<group>"; };
		E1FB5845194E8C550061511C /* Images.xcassets */ = {isa = PBXFileReference; lastKnownFileType = folder.assetcatalog; path = Images.xcassets; sourceTree = "<group>"; };
		E1FB584B194E8C550061511C /* JYRefreshControllerTests.xctest */ = {isa = PBXFileReference; explicitFileType = wrapper.cfbundle; includeInIndex = 0; path = JYRefreshControllerTests.xctest; sourceTree = BUILT_PRODUCTS_DIR; };
		E1FB584C194E8C550061511C /* XCTest.framework */ = {isa = PBXFileReference; lastKnownFileType = wrapper.framework; name = XCTest.framework; path = Library/Frameworks/XCTest.framework; sourceTree = DEVELOPER_DIR; };
		E1FB5854194E8C550061511C /* JYRefreshControllerTests-Info.plist */ = {isa = PBXFileReference; lastKnownFileType = text.plist.xml; path = "JYRefreshControllerTests-Info.plist"; sourceTree = "<group>"; };
		E1FB5856194E8C550061511C /* en */ = {isa = PBXFileReference; lastKnownFileType = text.plist.strings; name = en; path = en.lproj/InfoPlist.strings; sourceTree = "<group>"; };
		E1FB5858194E8C550061511C /* JYRefreshControllerTests.m */ = {isa = PBXFileReference; lastKnownFileType = sourcecode.c.objc; path = JYRefreshControllerTests.m; sourceTree = "<group>"; };
		E1FB5862194E8C6C0061511C /* DemoViewController.h */ = {isa = PBXFileReference; fileEncoding = 4; lastKnownFileType = sourcecode.c.h; path = DemoViewController.h; sourceTree = "<group>"; };
		E1FB5863194E8C6C0061511C /* DemoViewController.m */ = {isa = PBXFileReference; fileEncoding = 4; lastKnownFileType = sourcecode.c.objc; path = DemoViewController.m; sourceTree = "<group>"; };
/* End PBXFileReference section */

/* Begin PBXFrameworksBuildPhase section */
		E1FB582D194E8C550061511C /* Frameworks */ = {
			isa = PBXFrameworksBuildPhase;
			buildActionMask = 2147483647;
			files = (
				E1FB5836194E8C550061511C /* CoreGraphics.framework in Frameworks */,
				E1FB5838194E8C550061511C /* UIKit.framework in Frameworks */,
				E1FB5834194E8C550061511C /* Foundation.framework in Frameworks */,
			);
			runOnlyForDeploymentPostprocessing = 0;
		};
		E1FB5848194E8C550061511C /* Frameworks */ = {
			isa = PBXFrameworksBuildPhase;
			buildActionMask = 2147483647;
			files = (
				E1FB584D194E8C550061511C /* XCTest.framework in Frameworks */,
				E1FB584F194E8C550061511C /* UIKit.framework in Frameworks */,
				E1FB584E194E8C550061511C /* Foundation.framework in Frameworks */,
			);
			runOnlyForDeploymentPostprocessing = 0;
		};
/* End PBXFrameworksBuildPhase section */

/* Begin PBXGroup section */
		E1B044301952BEB00038569E /* Source */ = {
			isa = PBXGroup;
			children = (
				E1D3B1B01A19DA53007D1B9B /* JYRefreshController.h */,
				E16D574E1A1469100012031B /* JYPullToRefreshController.h */,
				E16D574F1A1469100012031B /* JYPullToRefreshController.m */,
				E1D3B1AD1A1993E4007D1B9B /* JYPullToLoadMoreController.h */,
				E1D3B1AE1A1993E4007D1B9B /* JYPullToLoadMoreController.m */,
				E1B044341952BEB00038569E /* JYRefreshIndicator.h */,
				E1B044351952BEB00038569E /* JYRefreshIndicator.m */,
				E1B044361952BEB00038569E /* JYRefreshView.h */,
				E1B044371952BEB00038569E /* JYRefreshView.m */,
			);
			path = Source;
			sourceTree = "<group>";
		};
		E1FB5827194E8C550061511C = {
			isa = PBXGroup;
			children = (
				E1FB5839194E8C550061511C /* JYRefreshController */,
				E1FB5852194E8C550061511C /* JYRefreshControllerTests */,
				E1FB5832194E8C550061511C /* Frameworks */,
				E1FB5831194E8C550061511C /* Products */,
			);
			sourceTree = "<group>";
		};
		E1FB5831194E8C550061511C /* Products */ = {
			isa = PBXGroup;
			children = (
				E1FB5830194E8C550061511C /* JYRefreshController.app */,
				E1FB584B194E8C550061511C /* JYRefreshControllerTests.xctest */,
			);
			name = Products;
			sourceTree = "<group>";
		};
		E1FB5832194E8C550061511C /* Frameworks */ = {
			isa = PBXGroup;
			children = (
				E1FB5833194E8C550061511C /* Foundation.framework */,
				E1FB5835194E8C550061511C /* CoreGraphics.framework */,
				E1FB5837194E8C550061511C /* UIKit.framework */,
				E1FB584C194E8C550061511C /* XCTest.framework */,
			);
			name = Frameworks;
			sourceTree = "<group>";
		};
		E1FB5839194E8C550061511C /* JYRefreshController */ = {
			isa = PBXGroup;
			children = (
				E1B044301952BEB00038569E /* Source */,
				E1FB5842194E8C550061511C /* AppDelegate.h */,
				E1FB5843194E8C550061511C /* AppDelegate.m */,
				E1FB5862194E8C6C0061511C /* DemoViewController.h */,
				E1FB5863194E8C6C0061511C /* DemoViewController.m */,
				E1FB5845194E8C550061511C /* Images.xcassets */,
				E1FB583A194E8C550061511C /* Supporting Files */,
			);
			path = JYRefreshController;
			sourceTree = "<group>";
		};
		E1FB583A194E8C550061511C /* Supporting Files */ = {
			isa = PBXGroup;
			children = (
				E1FB583B194E8C550061511C /* JYRefreshController-Info.plist */,
				E1FB583C194E8C550061511C /* InfoPlist.strings */,
				E1FB583F194E8C550061511C /* main.m */,
				E1FB5841194E8C550061511C /* JYRefreshController-Prefix.pch */,
			);
			name = "Supporting Files";
			sourceTree = "<group>";
		};
		E1FB5852194E8C550061511C /* JYRefreshControllerTests */ = {
			isa = PBXGroup;
			children = (
				E1FB5858194E8C550061511C /* JYRefreshControllerTests.m */,
				E1FB5853194E8C550061511C /* Supporting Files */,
			);
			path = JYRefreshControllerTests;
			sourceTree = "<group>";
		};
		E1FB5853194E8C550061511C /* Supporting Files */ = {
			isa = PBXGroup;
			children = (
				E1FB5854194E8C550061511C /* JYRefreshControllerTests-Info.plist */,
				E1FB5855194E8C550061511C /* InfoPlist.strings */,
			);
			name = "Supporting Files";
			sourceTree = "<group>";
		};
/* End PBXGroup section */

/* Begin PBXNativeTarget section */
		E1FB582F194E8C550061511C /* JYRefreshController */ = {
			isa = PBXNativeTarget;
			buildConfigurationList = E1FB585C194E8C550061511C /* Build configuration list for PBXNativeTarget "JYRefreshController" */;
			buildPhases = (
				E1FB582C194E8C550061511C /* Sources */,
				E1FB582D194E8C550061511C /* Frameworks */,
				E1FB582E194E8C550061511C /* Resources */,
			);
			buildRules = (
			);
			dependencies = (
			);
			name = JYRefreshController;
			productName = JYRefreshController;
			productReference = E1FB5830194E8C550061511C /* JYRefreshController.app */;
			productType = "com.apple.product-type.application";
		};
		E1FB584A194E8C550061511C /* JYRefreshControllerTests */ = {
			isa = PBXNativeTarget;
			buildConfigurationList = E1FB585F194E8C550061511C /* Build configuration list for PBXNativeTarget "JYRefreshControllerTests" */;
			buildPhases = (
				E1FB5847194E8C550061511C /* Sources */,
				E1FB5848194E8C550061511C /* Frameworks */,
				E1FB5849194E8C550061511C /* Resources */,
			);
			buildRules = (
			);
			dependencies = (
				E1FB5851194E8C550061511C /* PBXTargetDependency */,
			);
			name = JYRefreshControllerTests;
			productName = JYRefreshControllerTests;
			productReference = E1FB584B194E8C550061511C /* JYRefreshControllerTests.xctest */;
			productType = "com.apple.product-type.bundle.unit-test";
		};
/* End PBXNativeTarget section */

/* Begin PBXProject section */
		E1FB5828194E8C550061511C /* Project object */ = {
			isa = PBXProject;
			attributes = {
				LastUpgradeCheck = 0510;
				TargetAttributes = {
					E1FB584A194E8C550061511C = {
						TestTargetID = E1FB582F194E8C550061511C;
					};
				};
			};
			buildConfigurationList = E1FB582B194E8C550061511C /* Build configuration list for PBXProject "JYRefreshController" */;
			compatibilityVersion = "Xcode 3.2";
			developmentRegion = English;
			hasScannedForEncodings = 0;
			knownRegions = (
				en,
			);
			mainGroup = E1FB5827194E8C550061511C;
			productRefGroup = E1FB5831194E8C550061511C /* Products */;
			projectDirPath = "";
			projectRoot = "";
			targets = (
				E1FB582F194E8C550061511C /* JYRefreshController */,
				E1FB584A194E8C550061511C /* JYRefreshControllerTests */,
			);
		};
/* End PBXProject section */

/* Begin PBXResourcesBuildPhase section */
		E1FB582E194E8C550061511C /* Resources */ = {
			isa = PBXResourcesBuildPhase;
			buildActionMask = 2147483647;
			files = (
				E1FB583E194E8C550061511C /* InfoPlist.strings in Resources */,
				E1FB5846194E8C550061511C /* Images.xcassets in Resources */,
			);
			runOnlyForDeploymentPostprocessing = 0;
		};
		E1FB5849194E8C550061511C /* Resources */ = {
			isa = PBXResourcesBuildPhase;
			buildActionMask = 2147483647;
			files = (
				E1FB5857194E8C550061511C /* InfoPlist.strings in Resources */,
			);
			runOnlyForDeploymentPostprocessing = 0;
		};
/* End PBXResourcesBuildPhase section */

/* Begin PBXSourcesBuildPhase section */
		E1FB582C194E8C550061511C /* Sources */ = {
			isa = PBXSourcesBuildPhase;
			buildActionMask = 2147483647;
			files = (
				E16D57501A1469100012031B /* JYPullToRefreshController.m in Sources */,
				E1FB5864194E8C6C0061511C /* DemoViewController.m in Sources */,
				E1B0443A1952BEB00038569E /* JYRefreshView.m in Sources */,
				E1D3B1AF1A1993E4007D1B9B /* JYPullToLoadMoreController.m in Sources */,
				E1FB5844194E8C550061511C /* AppDelegate.m in Sources */,
				E1B044391952BEB00038569E /* JYRefreshIndicator.m in Sources */,
				E1FB5840194E8C550061511C /* main.m in Sources */,
			);
			runOnlyForDeploymentPostprocessing = 0;
		};
		E1FB5847194E8C550061511C /* Sources */ = {
			isa = PBXSourcesBuildPhase;
			buildActionMask = 2147483647;
			files = (
				E1FB5859194E8C550061511C /* JYRefreshControllerTests.m in Sources */,
			);
			runOnlyForDeploymentPostprocessing = 0;
		};
/* End PBXSourcesBuildPhase section */

/* Begin PBXTargetDependency section */
		E1FB5851194E8C550061511C /* PBXTargetDependency */ = {
			isa = PBXTargetDependency;
			target = E1FB582F194E8C550061511C /* JYRefreshController */;
			targetProxy = E1FB5850194E8C550061511C /* PBXContainerItemProxy */;
		};
/* End PBXTargetDependency section */

/* Begin PBXVariantGroup section */
		E1FB583C194E8C550061511C /* InfoPlist.strings */ = {
			isa = PBXVariantGroup;
			children = (
				E1FB583D194E8C550061511C /* en */,
			);
			name = InfoPlist.strings;
			sourceTree = "<group>";
		};
		E1FB5855194E8C550061511C /* InfoPlist.strings */ = {
			isa = PBXVariantGroup;
			children = (
				E1FB5856194E8C550061511C /* en */,
			);
			name = InfoPlist.strings;
			sourceTree = "<group>";
		};
/* End PBXVariantGroup section */

/* Begin XCBuildConfiguration section */
		E1FB585A194E8C550061511C /* Debug */ = {
			isa = XCBuildConfiguration;
			buildSettings = {
				ALWAYS_SEARCH_USER_PATHS = NO;
				CLANG_CXX_LANGUAGE_STANDARD = "gnu++0x";
				CLANG_CXX_LIBRARY = "libc++";
				CLANG_ENABLE_MODULES = YES;
				CLANG_ENABLE_OBJC_ARC = YES;
				CLANG_WARN_BOOL_CONVERSION = YES;
				CLANG_WARN_CONSTANT_CONVERSION = YES;
				CLANG_WARN_DIRECT_OBJC_ISA_USAGE = YES_ERROR;
				CLANG_WARN_EMPTY_BODY = YES;
				CLANG_WARN_ENUM_CONVERSION = YES;
				CLANG_WARN_INT_CONVERSION = YES;
				CLANG_WARN_OBJC_ROOT_CLASS = YES_ERROR;
				CLANG_WARN__DUPLICATE_METHOD_MATCH = YES;
				"CODE_SIGN_IDENTITY[sdk=iphoneos*]" = "iPhone Developer";
				COPY_PHASE_STRIP = NO;
				GCC_C_LANGUAGE_STANDARD = gnu99;
				GCC_DYNAMIC_NO_PIC = NO;
				GCC_OPTIMIZATION_LEVEL = 0;
				GCC_PREPROCESSOR_DEFINITIONS = (
					"DEBUG=1",
					"$(inherited)",
				);
				GCC_SYMBOLS_PRIVATE_EXTERN = NO;
				GCC_WARN_64_TO_32_BIT_CONVERSION = YES;
				GCC_WARN_ABOUT_RETURN_TYPE = YES_ERROR;
				GCC_WARN_UNDECLARED_SELECTOR = YES;
				GCC_WARN_UNINITIALIZED_AUTOS = YES_AGGRESSIVE;
				GCC_WARN_UNUSED_FUNCTION = YES;
				GCC_WARN_UNUSED_VARIABLE = YES;
				IPHONEOS_DEPLOYMENT_TARGET = 7.1;
				ONLY_ACTIVE_ARCH = YES;
				SDKROOT = iphoneos;
			};
			name = Debug;
		};
		E1FB585B194E8C550061511C /* Release */ = {
			isa = XCBuildConfiguration;
			buildSettings = {
				ALWAYS_SEARCH_USER_PATHS = NO;
				CLANG_CXX_LANGUAGE_STANDARD = "gnu++0x";
				CLANG_CXX_LIBRARY = "libc++";
				CLANG_ENABLE_MODULES = YES;
				CLANG_ENABLE_OBJC_ARC = YES;
				CLANG_WARN_BOOL_CONVERSION = YES;
				CLANG_WARN_CONSTANT_CONVERSION = YES;
				CLANG_WARN_DIRECT_OBJC_ISA_USAGE = YES_ERROR;
				CLANG_WARN_EMPTY_BODY = YES;
				CLANG_WARN_ENUM_CONVERSION = YES;
				CLANG_WARN_INT_CONVERSION = YES;
				CLANG_WARN_OBJC_ROOT_CLASS = YES_ERROR;
				CLANG_WARN__DUPLICATE_METHOD_MATCH = YES;
				"CODE_SIGN_IDENTITY[sdk=iphoneos*]" = "iPhone Developer";
				COPY_PHASE_STRIP = YES;
				ENABLE_NS_ASSERTIONS = NO;
				GCC_C_LANGUAGE_STANDARD = gnu99;
				GCC_WARN_64_TO_32_BIT_CONVERSION = YES;
				GCC_WARN_ABOUT_RETURN_TYPE = YES_ERROR;
				GCC_WARN_UNDECLARED_SELECTOR = YES;
				GCC_WARN_UNINITIALIZED_AUTOS = YES_AGGRESSIVE;
				GCC_WARN_UNUSED_FUNCTION = YES;
				GCC_WARN_UNUSED_VARIABLE = YES;
				IPHONEOS_DEPLOYMENT_TARGET = 7.1;
				SDKROOT = iphoneos;
				VALIDATE_PRODUCT = YES;
			};
			name = Release;
		};
		E1FB585D194E8C550061511C /* Debug */ = {
			isa = XCBuildConfiguration;
			buildSettings = {
				ASSETCATALOG_COMPILER_APPICON_NAME = AppIcon;
				ASSETCATALOG_COMPILER_LAUNCHIMAGE_NAME = LaunchImage;
				FRAMEWORK_SEARCH_PATHS = (
					"$(inherited)",
					"$(PROJECT_DIR)/JYRefreshController",
				);
				GCC_PRECOMPILE_PREFIX_HEADER = YES;
				GCC_PREFIX_HEADER = "JYRefreshController/JYRefreshController-Prefix.pch";
				INFOPLIST_FILE = "JYRefreshController/JYRefreshController-Info.plist";
				IPHONEOS_DEPLOYMENT_TARGET = 6.0;
				OTHER_LDFLAGS = "-ObjC";
				PRODUCT_NAME = "$(TARGET_NAME)";
				WRAPPER_EXTENSION = app;
			};
			name = Debug;
		};
		E1FB585E194E8C550061511C /* Release */ = {
			isa = XCBuildConfiguration;
			buildSettings = {
				ASSETCATALOG_COMPILER_APPICON_NAME = AppIcon;
				ASSETCATALOG_COMPILER_LAUNCHIMAGE_NAME = LaunchImage;
				FRAMEWORK_SEARCH_PATHS = (
					"$(inherited)",
					"$(PROJECT_DIR)/JYRefreshController",
				);
				GCC_PRECOMPILE_PREFIX_HEADER = YES;
				GCC_PREFIX_HEADER = "JYRefreshController/JYRefreshController-Prefix.pch";
				INFOPLIST_FILE = "JYRefreshController/JYRefreshController-Info.plist";
				IPHONEOS_DEPLOYMENT_TARGET = 6.0;
				OTHER_LDFLAGS = "-ObjC";
				PRODUCT_NAME = "$(TARGET_NAME)";
				WRAPPER_EXTENSION = app;
			};
			name = Release;
		};
		E1FB5860194E8C550061511C /* Debug */ = {
			isa = XCBuildConfiguration;
			buildSettings = {
				BUNDLE_LOADER = "$(BUILT_PRODUCTS_DIR)/JYRefreshController.app/JYRefreshController";
				FRAMEWORK_SEARCH_PATHS = (
					"$(SDKROOT)/Developer/Library/Frameworks",
					"$(inherited)",
					"$(DEVELOPER_FRAMEWORKS_DIR)",
				);
				GCC_PRECOMPILE_PREFIX_HEADER = YES;
				GCC_PREFIX_HEADER = "JYRefreshController/JYRefreshController-Prefix.pch";
				GCC_PREPROCESSOR_DEFINITIONS = (
					"DEBUG=1",
					"$(inherited)",
				);
				INFOPLIST_FILE = "JYRefreshControllerTests/JYRefreshControllerTests-Info.plist";
				PRODUCT_NAME = "$(TARGET_NAME)";
				TEST_HOST = "$(BUNDLE_LOADER)";
				WRAPPER_EXTENSION = xctest;
			};
			name = Debug;
		};
		E1FB5861194E8C550061511C /* Release */ = {
			isa = XCBuildConfiguration;
			buildSettings = {
				BUNDLE_LOADER = "$(BUILT_PRODUCTS_DIR)/JYRefreshController.app/JYRefreshController";
				FRAMEWORK_SEARCH_PATHS = (
					"$(SDKROOT)/Developer/Library/Frameworks",
					"$(inherited)",
					"$(DEVELOPER_FRAMEWORKS_DIR)",
				);
				GCC_PRECOMPILE_PREFIX_HEADER = YES;
				GCC_PREFIX_HEADER = "JYRefreshController/JYRefreshController-Prefix.pch";
				INFOPLIST_FILE = "JYRefreshControllerTests/JYRefreshControllerTests-Info.plist";
				PRODUCT_NAME = "$(TARGET_NAME)";
				TEST_HOST = "$(BUNDLE_LOADER)";
				WRAPPER_EXTENSION = xctest;
			};
			name = Release;
		};
/* End XCBuildConfiguration section */

/* Begin XCConfigurationList section */
		E1FB582B194E8C550061511C /* Build configuration list for PBXProject "JYRefreshController" */ = {
			isa = XCConfigurationList;
			buildConfigurations = (
				E1FB585A194E8C550061511C /* Debug */,
				E1FB585B194E8C550061511C /* Release */,
			);
			defaultConfigurationIsVisible = 0;
			defaultConfigurationName = Release;
		};
		E1FB585C194E8C550061511C /* Build configuration list for PBXNativeTarget "JYRefreshController" */ = {
			isa = XCConfigurationList;
			buildConfigurations = (
				E1FB585D194E8C550061511C /* Debug */,
				E1FB585E194E8C550061511C /* Release */,
			);
			defaultConfigurationIsVisible = 0;
			defaultConfigurationName = Release;
		};
		E1FB585F194E8C550061511C /* Build configuration list for PBXNativeTarget "JYRefreshControllerTests" */ = {
			isa = XCConfigurationList;
			buildConfigurations = (
				E1FB5860194E8C550061511C /* Debug */,
				E1FB5861194E8C550061511C /* Release */,
			);
			defaultConfigurationIsVisible = 0;
			defaultConfigurationName = Release;
		};
/* End XCConfigurationList section */
	};
	rootObject = E1FB5828194E8C550061511C /* Project object */;
}
